<?xml version="1.0" encoding="utf-8"?>
<Project ToolsVersion="4.0" xmlns="http://schemas.microsoft.com/developer/msbuild/2003">
  <ItemGroup>
    <Filter Include="소스 파일">
      <UniqueIdentifier>{4FC737F1-C7A5-4376-A066-2A32D752A2FF}</UniqueIdentifier>
      <Extensions>cpp;c;cc;cxx;def;odl;idl;hpj;bat;asm;asmx</Extensions>
    </Filter>
    <Filter Include="헤더 파일">
      <UniqueIdentifier>{93995380-89BD-4b04-88EB-625FBE52EBFB}</UniqueIdentifier>
      <Extensions>h;hh;hpp;hxx;hm;inl;inc;xsd</Extensions>
    </Filter>
    <Filter Include="리소스 파일">
      <UniqueIdentifier>{67DA6AB6-F800-4c08-8B7A-83BB121AAD01}</UniqueIdentifier>
      <Extensions>rc;ico;cur;bmp;dlg;rc2;rct;bin;rgs;gif;jpg;jpeg;jpe;resx;tiff;tif;png;wav;mfcribbon-ms</Extensions>
    </Filter>
    <Filter Include="converter">
      <UniqueIdentifier>{3c9ec897-e0dd-42d9-ae28-6ddc5f45e8c2}</UniqueIdentifier>
    </Filter>
    <Filter Include="converter\geometry">
      <UniqueIdentifier>{a6dfd6c4-0dd0-402d-9362-473d271f08c8}</UniqueIdentifier>
    </Filter>
    <Filter Include="converter\process">
      <UniqueIdentifier>{e6680da8-98c6-43a1-a191-522bef689a3a}</UniqueIdentifier>
    </Filter>
    <Filter Include="converter\reader">
      <UniqueIdentifier>{81140657-39a2-47fe-9266-9b670dc0a354}</UniqueIdentifier>
    </Filter>
    <Filter Include="converter\util">
      <UniqueIdentifier>{dd95233d-ea81-4abe-a502-88dbfea4306f}</UniqueIdentifier>
    </Filter>
    <Filter Include="converter\writer">
      <UniqueIdentifier>{b8d40d16-0e02-4479-a4a4-d2c52ea09a06}</UniqueIdentifier>
    </Filter>
    <Filter Include="converter\util\json">
      <UniqueIdentifier>{52ee6ba8-31ef-4d64-8c54-73aba82fa73d}</UniqueIdentifier>
    </Filter>
  </ItemGroup>
  <ItemGroup>
    <Text Include="ReadMe.txt" />
  </ItemGroup>
  <ItemGroup>
    <ClInclude Include="stdafx.h">
      <Filter>헤더 파일</Filter>
    </ClInclude>
    <ClInclude Include="targetver.h">
      <Filter>헤더 파일</Filter>
    </ClInclude>
    <ClInclude Include="converter\ConverterManager.h">
      <Filter>converter</Filter>
    </ClInclude>
    <ClInclude Include="converter\LogWriter.h">
      <Filter>converter</Filter>
    </ClInclude>
    <ClInclude Include="converter\predefinition.h">
      <Filter>converter</Filter>
    </ClInclude>
    <ClInclude Include="converter\geometry\BoundingBox.h">
      <Filter>converter\geometry</Filter>
    </ClInclude>
    <ClInclude Include="converter\geometry\ColorU4.h">
      <Filter>converter\geometry</Filter>
    </ClInclude>
    <ClInclude Include="converter\geometry\Matrix4.h">
      <Filter>converter\geometry</Filter>
    </ClInclude>
    <ClInclude Include="converter\geometry\OctreeBox.h">
      <Filter>converter\geometry</Filter>
    </ClInclude>
    <ClInclude Include="converter\geometry\Point3D.h">
      <Filter>converter\geometry</Filter>
    </ClInclude>
    <ClInclude Include="converter\geometry\Quaternion.h">
      <Filter>converter\geometry</Filter>
    </ClInclude>
    <ClInclude Include="converter\geometry\Surface.h">
      <Filter>converter\geometry</Filter>
    </ClInclude>
    <ClInclude Include="converter\geometry\Triangle.h">
      <Filter>converter\geometry</Filter>
    </ClInclude>
    <ClInclude Include="converter\geometry\TrianglePolyhedron.h">
      <Filter>converter\geometry</Filter>
    </ClInclude>
    <ClInclude Include="converter\geometry\Vbo.h">
      <Filter>converter\geometry</Filter>
    </ClInclude>
    <ClInclude Include="converter\geometry\Vertex.h">
      <Filter>converter\geometry</Filter>
    </ClInclude>
    <ClInclude Include="converter\process\ConversionProcessor.h">
      <Filter>converter\process</Filter>
    </ClInclude>
    <ClInclude Include="converter\process\NetSurfaceMeshMaker.h">
      <Filter>converter\process</Filter>
    </ClInclude>
    <ClInclude Include="converter\process\NetSurfaceMeshSetting.h">
      <Filter>converter\process</Filter>
    </ClInclude>
    <ClInclude Include="converter\process\ProcessSetting.h">
      <Filter>converter\process</Filter>
    </ClInclude>
    <ClInclude Include="converter\process\SceneControlVariables.h">
      <Filter>converter\process</Filter>
    </ClInclude>
    <ClInclude Include="converter\reader\aReader.h">
      <Filter>converter\reader</Filter>
    </ClInclude>
    <ClInclude Include="converter\reader\ClassicFormatReader.h">
      <Filter>converter\reader</Filter>
    </ClInclude>
    <ClInclude Include="converter\reader\IfcReader.h">
      <Filter>converter\reader</Filter>
    </ClInclude>
    <ClInclude Include="converter\reader\ReaderFactory.h">
      <Filter>converter\reader</Filter>
    </ClInclude>
    <ClInclude Include="converter\writer\F4DWriter.h">
      <Filter>converter\writer</Filter>
    </ClInclude>
    <ClInclude Include="argumentDefinition.h">
      <Filter>소스 파일</Filter>
    </ClInclude>
    <ClInclude Include="converter\util\stb_image.h">
      <Filter>converter\util</Filter>
    </ClInclude>
    <ClInclude Include="converter\util\stb_image_write.h">
      <Filter>converter\util</Filter>
    </ClInclude>
    <ClInclude Include="converter\util\stb_image_resize.h">
      <Filter>converter\util</Filter>
    </ClInclude>
    <ClInclude Include="converter\util\utility.h">
      <Filter>converter\util</Filter>
    </ClInclude>
    <ClInclude Include="converter\util\KK_Image2D.h">
      <Filter>converter\util</Filter>
    </ClInclude>
    <ClInclude Include="converter\util\KK_Image2D_SplitData.h">
      <Filter>converter\util</Filter>
    </ClInclude>
    <ClInclude Include="converter\util\KK_Image2D_Utils.h">
      <Filter>converter\util</Filter>
    </ClInclude>
    <ClInclude Include="converter\util\KK_Rectangle.h">
      <Filter>converter\util</Filter>
    </ClInclude>
    <ClInclude Include="converter\util\json\forwards.h">
      <Filter>converter\util\json</Filter>
    </ClInclude>
    <ClInclude Include="converter\util\json\json.h">
      <Filter>converter\util\json</Filter>
    </ClInclude>
    <ClInclude Include="converter\util\json\json_batchallocator.h">
      <Filter>converter\util\json</Filter>
    </ClInclude>
    <ClInclude Include="converter\util\json\reader.h">
      <Filter>converter\util\json</Filter>
    </ClInclude>
    <ClInclude Include="converter\util\json\value.h">
      <Filter>converter\util\json</Filter>
    </ClInclude>
    <ClInclude Include="converter\util\json\writer.h">
      <Filter>converter\util\json</Filter>
    </ClInclude>
    <ClInclude Include="converter\util\json\autolink.h">
      <Filter>converter\util\json</Filter>
    </ClInclude>
    <ClInclude Include="converter\util\json\config.h">
      <Filter>converter\util\json</Filter>
    </ClInclude>
    <ClInclude Include="converter\util\json\features.h">
      <Filter>converter\util\json</Filter>
    </ClInclude>
    <ClInclude Include="converter\reader\CitygmlReader.h">
      <Filter>converter\reader</Filter>
    </ClInclude>
  </ItemGroup>
  <ItemGroup>
    <ClCompile Include="stdafx.cpp">
      <Filter>소스 파일</Filter>
    </ClCompile>
    <ClCompile Include="F4DConverter.cpp">
      <Filter>소스 파일</Filter>
    </ClCompile>
    <ClCompile Include="converter\ConverterManager.cpp">
      <Filter>converter</Filter>
    </ClCompile>
    <ClCompile Include="converter\LogWriter.cpp">
      <Filter>converter</Filter>
    </ClCompile>
    <ClCompile Include="converter\geometry\BoundingBox.cpp">
      <Filter>converter\geometry</Filter>
    </ClCompile>
    <ClCompile Include="converter\geometry\Matrix4.cpp">
      <Filter>converter\geometry</Filter>
    </ClCompile>
    <ClCompile Include="converter\geometry\OctreeBox.cpp">
      <Filter>converter\geometry</Filter>
    </ClCompile>
    <ClCompile Include="converter\geometry\Point3D.cpp">
      <Filter>converter\geometry</Filter>
    </ClCompile>
    <ClCompile Include="converter\geometry\Quaternion.cpp">
      <Filter>converter\geometry</Filter>
    </ClCompile>
    <ClCompile Include="converter\geometry\Surface.cpp">
      <Filter>converter\geometry</Filter>
    </ClCompile>
    <ClCompile Include="converter\geometry\Triangle.cpp">
      <Filter>converter\geometry</Filter>
    </ClCompile>
    <ClCompile Include="converter\geometry\TrianglePolyhedron.cpp">
      <Filter>converter\geometry</Filter>
    </ClCompile>
    <ClCompile Include="converter\geometry\Vertex.cpp">
      <Filter>converter\geometry</Filter>
    </ClCompile>
    <ClCompile Include="converter\process\ConversionProcessor.cpp">
      <Filter>converter\process</Filter>
    </ClCompile>
    <ClCompile Include="converter\process\NetSurfaceMeshMaker.cpp">
      <Filter>converter\process</Filter>
    </ClCompile>
    <ClCompile Include="converter\process\NetSurfaceMeshSetting.cpp">
      <Filter>converter\process</Filter>
    </ClCompile>
    <ClCompile Include="converter\process\ProcessSetting.cpp">
      <Filter>converter\process</Filter>
    </ClCompile>
    <ClCompile Include="converter\process\SceneControlVariables.cpp">
      <Filter>converter\process</Filter>
    </ClCompile>
    <ClCompile Include="converter\reader\aReader.cpp">
      <Filter>converter\reader</Filter>
    </ClCompile>
    <ClCompile Include="converter\reader\ClassicFormatReader.cpp">
      <Filter>converter\reader</Filter>
    </ClCompile>
    <ClCompile Include="converter\reader\IfcReader.cpp">
      <Filter>converter\reader</Filter>
    </ClCompile>
    <ClCompile Include="converter\reader\ReaderFactory.cpp">
      <Filter>converter\reader</Filter>
    </ClCompile>
    <ClCompile Include="converter\writer\F4DWriter.cpp">
      <Filter>converter\writer</Filter>
    </ClCompile>
    <ClCompile Include="converter\util\utility.cpp">
      <Filter>converter\util</Filter>
    </ClCompile>
    <ClCompile Include="converter\util\KK_Image2D.cpp">
      <Filter>converter\util</Filter>
    </ClCompile>
    <ClCompile Include="converter\util\KK_Image2D_SplitData.cpp">
      <Filter>converter\util</Filter>
    </ClCompile>
    <ClCompile Include="converter\util\KK_Image2D_Utils.cpp">
      <Filter>converter\util</Filter>
    </ClCompile>
    <ClCompile Include="converter\util\KK_Rectangle.cpp">
      <Filter>converter\util</Filter>
    </ClCompile>
    <ClCompile Include="converter\util\json\json_reader.cpp">
      <Filter>converter\util\json</Filter>
    </ClCompile>
    <ClCompile Include="converter\util\json\json_value.cpp">
      <Filter>converter\util\json</Filter>
    </ClCompile>
    <ClCompile Include="converter\util\json\json_writer.cpp">
      <Filter>converter\util\json</Filter>
    </ClCompile>
    <ClCompile Include="converter\reader\CitygmlReader.cpp">
      <Filter>converter\reader</Filter>
    </ClCompile>
  </ItemGroup>
  <ItemGroup>
    <None Include="converter\util\json\json_internalarray.inl">
      <Filter>converter\util\json</Filter>
    </None>
    <None Include="converter\util\json\json_internalmap.inl">
      <Filter>converter\util\json</Filter>
    </None>
    <None Include="converter\util\json\json_valueiterator.inl">
      <Filter>converter\util\json</Filter>
    </None>
  </ItemGroup>
</Project>